// !$*UTF8*$!
{
	archiveVersion = 1;
	classes = {
	};
	objectVersion = 77;
	objects = {

/* Begin PBXBuildFile section */
		17EBF54E2EA26A8E00A65832 /* KeychainAccess in Frameworks */ = {isa = PBXBuildFile; productRef = 17EBF54D2EA26A8E00A65832 /* KeychainAccess */; };
		17EBF5512EA26BCE00A65832 /* SDWebImageSwiftUI in Frameworks */ = {isa = PBXBuildFile; productRef = 17EBF5502EA26BCE00A65832 /* SDWebImageSwiftUI */; };
		17FDA0BB2EA2733900F07062 /* Alamofire in Frameworks */ = {isa = PBXBuildFile; productRef = 17FDA0BA2EA2733900F07062 /* Alamofire */; };
		17FDA0C02EA273C100F07062 /* Alamofire in Frameworks */ = {isa = PBXBuildFile; productRef = 17FDA0BF2EA273C100F07062 /* Alamofire */; };
		17FDA0C22EA273C100F07062 /* AlamofireDynamic in Frameworks */ = {isa = PBXBuildFile; productRef = 17FDA0C12EA273C100F07062 /* AlamofireDynamic */; };
		17FDA0C32EA273C100F07062 /* AlamofireDynamic in Embed Frameworks */ = {isa = PBXBuildFile; productRef = 17FDA0C12EA273C100F07062 /* AlamofireDynamic */; settings = {ATTRIBUTES = (CodeSignOnCopy, ); }; };
		17FDA0C52EA273C100F07062 /* KeychainAccess in Frameworks */ = {isa = PBXBuildFile; productRef = 17FDA0C42EA273C100F07062 /* KeychainAccess */; };
		17FDA0C72EA273C100F07062 /* SDWebImageSwiftUI in Frameworks */ = {isa = PBXBuildFile; productRef = 17FDA0C62EA273C100F07062 /* SDWebImageSwiftUI */; };
		17FDA0CA2EA273CA00F07062 /* Alamofire in Frameworks */ = {isa = PBXBuildFile; productRef = 17FDA0C92EA273CA00F07062 /* Alamofire */; };
		17FDA0CC2EA273CA00F07062 /* AlamofireDynamic in Frameworks */ = {isa = PBXBuildFile; productRef = 17FDA0CB2EA273CA00F07062 /* AlamofireDynamic */; };
		17FDA0CD2EA273CA00F07062 /* AlamofireDynamic in Embed Frameworks */ = {isa = PBXBuildFile; productRef = 17FDA0CB2EA273CA00F07062 /* AlamofireDynamic */; settings = {ATTRIBUTES = (CodeSignOnCopy, ); }; };
		17FDA0CF2EA273CA00F07062 /* KeychainAccess in Frameworks */ = {isa = PBXBuildFile; productRef = 17FDA0CE2EA273CA00F07062 /* KeychainAccess */; };
		17FDA0D12EA273CA00F07062 /* SDWebImageSwiftUI in Frameworks */ = {isa = PBXBuildFile; productRef = 17FDA0D02EA273CA00F07062 /* SDWebImageSwiftUI */; };
		17FDA1882EA3B06E00F07062 /* Lottie in Frameworks */ = {isa = PBXBuildFile; productRef = 17FDA1872EA3B06E00F07062 /* Lottie */; };
/* End PBXBuildFile section */

/* Begin PBXContainerItemProxy section */
		17B9443A2E9F5B3E0067A319 /* PBXContainerItemProxy */ = {
			isa = PBXContainerItemProxy;
			containerPortal = 17B9441F2E9F5B3B0067A319 /* Project object */;
			proxyType = 1;
			remoteGlobalIDString = 17B944262E9F5B3B0067A319;
			remoteInfo = MacroLens;
		};
		17B944442E9F5B3E0067A319 /* PBXContainerItemProxy */ = {
			isa = PBXContainerItemProxy;
			containerPortal = 17B9441F2E9F5B3B0067A319 /* Project object */;
			proxyType = 1;
			remoteGlobalIDString = 17B944262E9F5B3B0067A319;
			remoteInfo = MacroLens;
		};
/* End PBXContainerItemProxy section */

/* Begin PBXCopyFilesBuildPhase section */
		1753C6562EA14CC9001EC57A /* Embed PlugIns */ = {
			isa = PBXCopyFilesBuildPhase;
			buildActionMask = 2147483647;
			dstPath = "";
			dstSubfolderSpec = 13;
			files = (
			);
			name = "Embed PlugIns";
			runOnlyForDeploymentPostprocessing = 0;
		};
		17A2D4412EA11B06000554BE /* Embed Frameworks */ = {
			isa = PBXCopyFilesBuildPhase;
			buildActionMask = 2147483647;
			dstPath = "";
			dstSubfolderSpec = 10;
			files = (
			);
			name = "Embed Frameworks";
			runOnlyForDeploymentPostprocessing = 0;
		};
		17FDA0C82EA273C200F07062 /* Embed Frameworks */ = {
			isa = PBXCopyFilesBuildPhase;
			buildActionMask = 2147483647;
			dstPath = "";
			dstSubfolderSpec = 10;
			files = (
				17FDA0C32EA273C100F07062 /* AlamofireDynamic in Embed Frameworks */,
			);
			name = "Embed Frameworks";
			runOnlyForDeploymentPostprocessing = 0;
		};
		17FDA0D22EA273CA00F07062 /* Embed Frameworks */ = {
			isa = PBXCopyFilesBuildPhase;
			buildActionMask = 2147483647;
			dstPath = "";
			dstSubfolderSpec = 10;
			files = (
				17FDA0CD2EA273CA00F07062 /* AlamofireDynamic in Embed Frameworks */,
			);
			name = "Embed Frameworks";
			runOnlyForDeploymentPostprocessing = 0;
		};
/* End PBXCopyFilesBuildPhase section */

/* Begin PBXFileReference section */
		17B944272E9F5B3B0067A319 /* MacroLens.app */ = {isa = PBXFileReference; explicitFileType = wrapper.application; includeInIndex = 0; path = MacroLens.app; sourceTree = BUILT_PRODUCTS_DIR; };
		17B944392E9F5B3E0067A319 /* MacroLensTests.xctest */ = {isa = PBXFileReference; explicitFileType = wrapper.cfbundle; includeInIndex = 0; path = MacroLensTests.xctest; sourceTree = BUILT_PRODUCTS_DIR; };
		17B944432E9F5B3E0067A319 /* MacroLensUITests.xctest */ = {isa = PBXFileReference; explicitFileType = wrapper.cfbundle; includeInIndex = 0; path = MacroLensUITests.xctest; sourceTree = BUILT_PRODUCTS_DIR; };
/* End PBXFileReference section */

/* Begin PBXFileSystemSynchronizedBuildFileExceptionSet section */
		17FDA14A2EA37F2600F07062 /* Exceptions for "MacroLens" folder in "MacroLens" target */ = {
			isa = PBXFileSystemSynchronizedBuildFileExceptionSet;
			membershipExceptions = (
				Info.plist,
				MacroLens.xcdatamodeld,
				Models/AuthModels.swift,
			);
			target = 17B944262E9F5B3B0067A319 /* MacroLens */;
		};
/* End PBXFileSystemSynchronizedBuildFileExceptionSet section */

/* Begin PBXFileSystemSynchronizedRootGroup section */
		17B944292E9F5B3B0067A319 /* MacroLens */ = {
			isa = PBXFileSystemSynchronizedRootGroup;
			exceptions = (
				17FDA14A2EA37F2600F07062 /* Exceptions for "MacroLens" folder in "MacroLens" target */,
			);
			path = MacroLens;
			sourceTree = "<group>";
		};
		17B9443C2E9F5B3E0067A319 /* MacroLensTests */ = {
			isa = PBXFileSystemSynchronizedRootGroup;
			path = MacroLensTests;
			sourceTree = "<group>";
		};
		17B944462E9F5B3E0067A319 /* MacroLensUITests */ = {
			isa = PBXFileSystemSynchronizedRootGroup;
			path = MacroLensUITests;
			sourceTree = "<group>";
		};
/* End PBXFileSystemSynchronizedRootGroup section */

/* Begin PBXFrameworksBuildPhase section */
		1753C64F2EA14C82001EC57A /* Frameworks */ = {
			isa = PBXFrameworksBuildPhase;
			buildActionMask = 2147483647;
			files = (
				17FDA0BB2EA2733900F07062 /* Alamofire in Frameworks */,
				17EBF5512EA26BCE00A65832 /* SDWebImageSwiftUI in Frameworks */,
				17EBF54E2EA26A8E00A65832 /* KeychainAccess in Frameworks */,
				17FDA1882EA3B06E00F07062 /* Lottie in Frameworks */,
			);
			runOnlyForDeploymentPostprocessing = 0;
		};
		17B944362E9F5B3E0067A319 /* Frameworks */ = {
			isa = PBXFrameworksBuildPhase;
			buildActionMask = 2147483647;
			files = (
				17FDA0C72EA273C100F07062 /* SDWebImageSwiftUI in Frameworks */,
				17FDA0C02EA273C100F07062 /* Alamofire in Frameworks */,
				17FDA0C22EA273C100F07062 /* AlamofireDynamic in Frameworks */,
				17FDA0C52EA273C100F07062 /* KeychainAccess in Frameworks */,
			);
			runOnlyForDeploymentPostprocessing = 0;
		};
		17B944402E9F5B3E0067A319 /* Frameworks */ = {
			isa = PBXFrameworksBuildPhase;
			buildActionMask = 2147483647;
			files = (
				17FDA0D12EA273CA00F07062 /* SDWebImageSwiftUI in Frameworks */,
				17FDA0CA2EA273CA00F07062 /* Alamofire in Frameworks */,
				17FDA0CC2EA273CA00F07062 /* AlamofireDynamic in Frameworks */,
				17FDA0CF2EA273CA00F07062 /* KeychainAccess in Frameworks */,
			);
			runOnlyForDeploymentPostprocessing = 0;
		};
/* End PBXFrameworksBuildPhase section */

/* Begin PBXGroup section */
		17A2D4372EA11B06000554BE /* Frameworks */ = {
			isa = PBXGroup;
			children = (
			);
			name = Frameworks;
			sourceTree = "<group>";
		};
		17B9441E2E9F5B3B0067A319 = {
			isa = PBXGroup;
			children = (
				17B9443C2E9F5B3E0067A319 /* MacroLensTests */,
				17B944462E9F5B3E0067A319 /* MacroLensUITests */,
				17B944282E9F5B3B0067A319 /* Products */,
				17B944292E9F5B3B0067A319 /* MacroLens */,
				17A2D4372EA11B06000554BE /* Frameworks */,
			);
			sourceTree = "<group>";
		};
		17B944282E9F5B3B0067A319 /* Products */ = {
			isa = PBXGroup;
			children = (
				17B944272E9F5B3B0067A319 /* MacroLens.app */,
				17B944392E9F5B3E0067A319 /* MacroLensTests.xctest */,
				17B944432E9F5B3E0067A319 /* MacroLensUITests.xctest */,
			);
			name = Products;
			sourceTree = "<group>";
		};
/* End PBXGroup section */

/* Begin PBXNativeTarget section */
		17B944262E9F5B3B0067A319 /* MacroLens */ = {
			isa = PBXNativeTarget;
			buildConfigurationList = 17B9444D2E9F5B3E0067A319 /* Build configuration list for PBXNativeTarget "MacroLens" */;
			buildPhases = (
				17B944252E9F5B3B0067A319 /* Resources */,
				17A2D4412EA11B06000554BE /* Embed Frameworks */,
				1753C64F2EA14C82001EC57A /* Frameworks */,
				1753C6562EA14CC9001EC57A /* Embed PlugIns */,
				17FDA14B2EA381D600F07062 /* Sources */,
			);
			buildRules = (
			);
			dependencies = (
			);
			fileSystemSynchronizedGroups = (
				17B944292E9F5B3B0067A319 /* MacroLens */,
			);
			name = MacroLens;
			packageProductDependencies = (
				17EBF54D2EA26A8E00A65832 /* KeychainAccess */,
				17EBF5502EA26BCE00A65832 /* SDWebImageSwiftUI */,
				17FDA0BA2EA2733900F07062 /* Alamofire */,
				17FDA1872EA3B06E00F07062 /* Lottie */,
			);
			productName = MacroLens;
			productReference = 17B944272E9F5B3B0067A319 /* MacroLens.app */;
			productType = "com.apple.product-type.application";
		};
		17B944382E9F5B3E0067A319 /* MacroLensTests */ = {
			isa = PBXNativeTarget;
			buildConfigurationList = 17B944502E9F5B3E0067A319 /* Build configuration list for PBXNativeTarget "MacroLensTests" */;
			buildPhases = (
				17B944352E9F5B3E0067A319 /* Sources */,
				17B944362E9F5B3E0067A319 /* Frameworks */,
				17B944372E9F5B3E0067A319 /* Resources */,
				17FDA0C82EA273C200F07062 /* Embed Frameworks */,
			);
			buildRules = (
			);
			dependencies = (
				17B9443B2E9F5B3E0067A319 /* PBXTargetDependency */,
			);
			fileSystemSynchronizedGroups = (
				17B9443C2E9F5B3E0067A319 /* MacroLensTests */,
			);
			name = MacroLensTests;
			packageProductDependencies = (
				17FDA0BF2EA273C100F07062 /* Alamofire */,
				17FDA0C12EA273C100F07062 /* AlamofireDynamic */,
				17FDA0C42EA273C100F07062 /* KeychainAccess */,
				17FDA0C62EA273C100F07062 /* SDWebImageSwiftUI */,
			);
			productName = MacroLensTests;
			productReference = 17B944392E9F5B3E0067A319 /* MacroLensTests.xctest */;
			productType = "com.apple.product-type.bundle.unit-test";
		};
		17B944422E9F5B3E0067A319 /* MacroLensUITests */ = {
			isa = PBXNativeTarget;
			buildConfigurationList = 17B944532E9F5B3E0067A319 /* Build configuration list for PBXNativeTarget "MacroLensUITests" */;
			buildPhases = (
				17B9443F2E9F5B3E0067A319 /* Sources */,
				17B944402E9F5B3E0067A319 /* Frameworks */,
				17B944412E9F5B3E0067A319 /* Resources */,
				17FDA0D22EA273CA00F07062 /* Embed Frameworks */,
			);
			buildRules = (
			);
			dependencies = (
				17B944452E9F5B3E0067A319 /* PBXTargetDependency */,
			);
			fileSystemSynchronizedGroups = (
				17B944462E9F5B3E0067A319 /* MacroLensUITests */,
			);
			name = MacroLensUITests;
			packageProductDependencies = (
				17FDA0C92EA273CA00F07062 /* Alamofire */,
				17FDA0CB2EA273CA00F07062 /* AlamofireDynamic */,
				17FDA0CE2EA273CA00F07062 /* KeychainAccess */,
				17FDA0D02EA273CA00F07062 /* SDWebImageSwiftUI */,
			);
			productName = MacroLensUITests;
			productReference = 17B944432E9F5B3E0067A319 /* MacroLensUITests.xctest */;
			productType = "com.apple.product-type.bundle.ui-testing";
		};
/* End PBXNativeTarget section */

/* Begin PBXProject section */
		17B9441F2E9F5B3B0067A319 /* Project object */ = {
			isa = PBXProject;
			attributes = {
				BuildIndependentTargetsInParallel = 1;
				LastSwiftUpdateCheck = 2600;
				LastUpgradeCheck = 2600;
				TargetAttributes = {
					17B944262E9F5B3B0067A319 = {
						CreatedOnToolsVersion = 26.0.1;
					};
					17B944382E9F5B3E0067A319 = {
						CreatedOnToolsVersion = 26.0.1;
						TestTargetID = 17B944262E9F5B3B0067A319;
					};
					17B944422E9F5B3E0067A319 = {
						CreatedOnToolsVersion = 26.0.1;
						TestTargetID = 17B944262E9F5B3B0067A319;
					};
				};
			};
			buildConfigurationList = 17B944222E9F5B3B0067A319 /* Build configuration list for PBXProject "MacroLens" */;
			developmentRegion = en;
			hasScannedForEncodings = 0;
			knownRegions = (
				en,
				Base,
			);
			mainGroup = 17B9441E2E9F5B3B0067A319;
			minimizedProjectReferenceProxies = 1;
			packageReferences = (
				17EBF5462EA26A5500A65832 /* XCRemoteSwiftPackageReference "Alamofire" */,
				17EBF54C2EA26A8500A65832 /* XCRemoteSwiftPackageReference "KeychainAccess" */,
				17EBF54F2EA26BC000A65832 /* XCRemoteSwiftPackageReference "SDWebImageSwiftUI" */,
				17FDA1862EA3B04600F07062 /* XCRemoteSwiftPackageReference "lottie-ios" */,
			);
			preferredProjectObjectVersion = 77;
			productRefGroup = 17B944282E9F5B3B0067A319 /* Products */;
			projectDirPath = "";
			projectRoot = "";
			targets = (
				17B944262E9F5B3B0067A319 /* MacroLens */,
				17B944382E9F5B3E0067A319 /* MacroLensTests */,
				17B944422E9F5B3E0067A319 /* MacroLensUITests */,
			);
		};
/* End PBXProject section */

/* Begin PBXResourcesBuildPhase section */
		17B944252E9F5B3B0067A319 /* Resources */ = {
			isa = PBXResourcesBuildPhase;
			buildActionMask = 2147483647;
			files = (
			);
			runOnlyForDeploymentPostprocessing = 0;
		};
		17B944372E9F5B3E0067A319 /* Resources */ = {
			isa = PBXResourcesBuildPhase;
			buildActionMask = 2147483647;
			files = (
			);
			runOnlyForDeploymentPostprocessing = 0;
		};
		17B944412E9F5B3E0067A319 /* Resources */ = {
			isa = PBXResourcesBuildPhase;
			buildActionMask = 2147483647;
			files = (
			);
			runOnlyForDeploymentPostprocessing = 0;
		};
/* End PBXResourcesBuildPhase section */

/* Begin PBXSourcesBuildPhase section */
		17B944352E9F5B3E0067A319 /* Sources */ = {
			isa = PBXSourcesBuildPhase;
			buildActionMask = 2147483647;
			files = (
			);
			runOnlyForDeploymentPostprocessing = 0;
		};
		17B9443F2E9F5B3E0067A319 /* Sources */ = {
			isa = PBXSourcesBuildPhase;
			buildActionMask = 2147483647;
			files = (
			);
			runOnlyForDeploymentPostprocessing = 0;
		};
		17FDA14B2EA381D600F07062 /* Sources */ = {
			isa = PBXSourcesBuildPhase;
			buildActionMask = 2147483647;
			files = (
			);
			runOnlyForDeploymentPostprocessing = 0;
		};
/* End PBXSourcesBuildPhase section */

/* Begin PBXTargetDependency section */
		17B9443B2E9F5B3E0067A319 /* PBXTargetDependency */ = {
			isa = PBXTargetDependency;
			target = 17B944262E9F5B3B0067A319 /* MacroLens */;
			targetProxy = 17B9443A2E9F5B3E0067A319 /* PBXContainerItemProxy */;
		};
		17B944452E9F5B3E0067A319 /* PBXTargetDependency */ = {
			isa = PBXTargetDependency;
			target = 17B944262E9F5B3B0067A319 /* MacroLens */;
			targetProxy = 17B944442E9F5B3E0067A319 /* PBXContainerItemProxy */;
		};
/* End PBXTargetDependency section */

/* Begin XCBuildConfiguration section */
		17B9444B2E9F5B3E0067A319 /* Debug */ = {
			isa = XCBuildConfiguration;
			buildSettings = {
				ALWAYS_SEARCH_USER_PATHS = NO;
				ASSETCATALOG_COMPILER_GENERATE_SWIFT_ASSET_SYMBOL_EXTENSIONS = YES;
				CLANG_ANALYZER_NONNULL = YES;
				CLANG_ANALYZER_NUMBER_OBJECT_CONVERSION = YES_AGGRESSIVE;
				CLANG_CXX_LANGUAGE_STANDARD = "gnu++20";
				CLANG_ENABLE_MODULES = YES;
				CLANG_ENABLE_OBJC_ARC = YES;
				CLANG_ENABLE_OBJC_WEAK = YES;
				CLANG_WARN_BLOCK_CAPTURE_AUTORELEASING = YES;
				CLANG_WARN_BOOL_CONVERSION = YES;
				CLANG_WARN_COMMA = YES;
				CLANG_WARN_CONSTANT_CONVERSION = YES;
				CLANG_WARN_DEPRECATED_OBJC_IMPLEMENTATIONS = YES;
				CLANG_WARN_DIRECT_OBJC_ISA_USAGE = YES_ERROR;
				CLANG_WARN_DOCUMENTATION_COMMENTS = YES;
				CLANG_WARN_EMPTY_BODY = YES;
				CLANG_WARN_ENUM_CONVERSION = YES;
				CLANG_WARN_INFINITE_RECURSION = YES;
				CLANG_WARN_INT_CONVERSION = YES;
				CLANG_WARN_NON_LITERAL_NULL_CONVERSION = YES;
				CLANG_WARN_OBJC_IMPLICIT_RETAIN_SELF = YES;
				CLANG_WARN_OBJC_LITERAL_CONVERSION = YES;
				CLANG_WARN_OBJC_ROOT_CLASS = YES_ERROR;
				CLANG_WARN_QUOTED_INCLUDE_IN_FRAMEWORK_HEADER = YES;
				CLANG_WARN_RANGE_LOOP_ANALYSIS = YES;
				CLANG_WARN_STRICT_PROTOTYPES = YES;
				CLANG_WARN_SUSPICIOUS_MOVE = YES;
				CLANG_WARN_UNGUARDED_AVAILABILITY = YES_AGGRESSIVE;
				CLANG_WARN_UNREACHABLE_CODE = YES;
				CLANG_WARN__DUPLICATE_METHOD_MATCH = YES;
				COPY_PHASE_STRIP = NO;
				DEBUG_INFORMATION_FORMAT = dwarf;
				DEVELOPMENT_TEAM = 27K3TKMZV5;
				ENABLE_STRICT_OBJC_MSGSEND = YES;
				ENABLE_TESTABILITY = YES;
				ENABLE_USER_SCRIPT_SANDBOXING = YES;
				GCC_C_LANGUAGE_STANDARD = gnu17;
				GCC_DYNAMIC_NO_PIC = NO;
				GCC_NO_COMMON_BLOCKS = YES;
				GCC_OPTIMIZATION_LEVEL = 0;
				GCC_PREPROCESSOR_DEFINITIONS = (
					"DEBUG=1",
					"$(inherited)",
				);
				GCC_WARN_64_TO_32_BIT_CONVERSION = YES;
				GCC_WARN_ABOUT_RETURN_TYPE = YES_ERROR;
				GCC_WARN_UNDECLARED_SELECTOR = YES;
				GCC_WARN_UNINITIALIZED_AUTOS = YES_AGGRESSIVE;
				GCC_WARN_UNUSED_FUNCTION = YES;
				GCC_WARN_UNUSED_VARIABLE = YES;
				IPHONEOS_DEPLOYMENT_TARGET = 26.0;
				LOCALIZATION_PREFERS_STRING_CATALOGS = YES;
				MTL_ENABLE_DEBUG_INFO = INCLUDE_SOURCE;
				MTL_FAST_MATH = YES;
				ONLY_ACTIVE_ARCH = YES;
				SDKROOT = iphoneos;
				SWIFT_ACTIVE_COMPILATION_CONDITIONS = "DEBUG $(inherited)";
				SWIFT_OPTIMIZATION_LEVEL = "-Onone";
			};
			name = Debug;
		};
		17B9444C2E9F5B3E0067A319 /* Release */ = {
			isa = XCBuildConfiguration;
			buildSettings = {
				ALWAYS_SEARCH_USER_PATHS = NO;
				ASSETCATALOG_COMPILER_GENERATE_SWIFT_ASSET_SYMBOL_EXTENSIONS = YES;
				CLANG_ANALYZER_NONNULL = YES;
				CLANG_ANALYZER_NUMBER_OBJECT_CONVERSION = YES_AGGRESSIVE;
				CLANG_CXX_LANGUAGE_STANDARD = "gnu++20";
				CLANG_ENABLE_MODULES = YES;
				CLANG_ENABLE_OBJC_ARC = YES;
				CLANG_ENABLE_OBJC_WEAK = YES;
				CLANG_WARN_BLOCK_CAPTURE_AUTORELEASING = YES;
				CLANG_WARN_BOOL_CONVERSION = YES;
				CLANG_WARN_COMMA = YES;
				CLANG_WARN_CONSTANT_CONVERSION = YES;
				CLANG_WARN_DEPRECATED_OBJC_IMPLEMENTATIONS = YES;
				CLANG_WARN_DIRECT_OBJC_ISA_USAGE = YES_ERROR;
				CLANG_WARN_DOCUMENTATION_COMMENTS = YES;
				CLANG_WARN_EMPTY_BODY = YES;
				CLANG_WARN_ENUM_CONVERSION = YES;
				CLANG_WARN_INFINITE_RECURSION = YES;
				CLANG_WARN_INT_CONVERSION = YES;
				CLANG_WARN_NON_LITERAL_NULL_CONVERSION = YES;
				CLANG_WARN_OBJC_IMPLICIT_RETAIN_SELF = YES;
				CLANG_WARN_OBJC_LITERAL_CONVERSION = YES;
				CLANG_WARN_OBJC_ROOT_CLASS = YES_ERROR;
				CLANG_WARN_QUOTED_INCLUDE_IN_FRAMEWORK_HEADER = YES;
				CLANG_WARN_RANGE_LOOP_ANALYSIS = YES;
				CLANG_WARN_STRICT_PROTOTYPES = YES;
				CLANG_WARN_SUSPICIOUS_MOVE = YES;
				CLANG_WARN_UNGUARDED_AVAILABILITY = YES_AGGRESSIVE;
				CLANG_WARN_UNREACHABLE_CODE = YES;
				CLANG_WARN__DUPLICATE_METHOD_MATCH = YES;
				COPY_PHASE_STRIP = NO;
				DEBUG_INFORMATION_FORMAT = "dwarf-with-dsym";
				DEVELOPMENT_TEAM = 27K3TKMZV5;
				ENABLE_NS_ASSERTIONS = NO;
				ENABLE_STRICT_OBJC_MSGSEND = YES;
				ENABLE_USER_SCRIPT_SANDBOXING = YES;
				GCC_C_LANGUAGE_STANDARD = gnu17;
				GCC_NO_COMMON_BLOCKS = YES;
				GCC_WARN_64_TO_32_BIT_CONVERSION = YES;
				GCC_WARN_ABOUT_RETURN_TYPE = YES_ERROR;
				GCC_WARN_UNDECLARED_SELECTOR = YES;
				GCC_WARN_UNINITIALIZED_AUTOS = YES_AGGRESSIVE;
				GCC_WARN_UNUSED_FUNCTION = YES;
				GCC_WARN_UNUSED_VARIABLE = YES;
				IPHONEOS_DEPLOYMENT_TARGET = 26.0;
				LOCALIZATION_PREFERS_STRING_CATALOGS = YES;
				MTL_ENABLE_DEBUG_INFO = NO;
				MTL_FAST_MATH = YES;
				SDKROOT = iphoneos;
				SWIFT_COMPILATION_MODE = wholemodule;
				VALIDATE_PRODUCT = YES;
			};
			name = Release;
		};
		17B9444E2E9F5B3E0067A319 /* Debug */ = {
			isa = XCBuildConfiguration;
			buildSettings = {
				ASSETCATALOG_COMPILER_APPICON_NAME = AppIcon;
				ASSETCATALOG_COMPILER_GLOBAL_ACCENT_COLOR_NAME = AccentColor;
				ASSETCATALOG_COMPILER_INCLUDE_ALL_APPICON_ASSETS = YES;
				CODE_SIGN_ENTITLEMENTS = MacroLens/MacroLens.entitlements;
				CODE_SIGN_STYLE = Automatic;
				CURRENT_PROJECT_VERSION = 1;
				DEVELOPMENT_TEAM = 27K3TKMZV5;
				ENABLE_PREVIEWS = YES;
				GENERATE_INFOPLIST_FILE = NO;
				INFOPLIST_FILE = MacroLens/Info.plist;
				INFOPLIST_KEY_CFBundleDisplayName = MacroLens;
				INFOPLIST_KEY_LSApplicationCategoryType = "public.app-category.healthcare-fitness";
				INFOPLIST_KEY_NSCameraUsageDescription = "MacroLens needs camera access to scan and identify food for nutrition tracking.\n";
				INFOPLIST_KEY_NSHealthShareUsageDescription = "MacroLens reads your activity data to provide personalized calorie recommendations.";
				INFOPLIST_KEY_NSHealthUpdateUsageDescription = "MacroLens saves nutrition data to Apple Health.";
				INFOPLIST_KEY_NSPhotoLibraryUsageDescription = "MacroLens needs camera access to scan and identify food for nutrition tracking.\n";
				INFOPLIST_KEY_UIApplicationSceneManifest_Generation = YES;
				INFOPLIST_KEY_UIApplicationSupportsIndirectInputEvents = YES;
				INFOPLIST_KEY_UILaunchScreen_Generation = YES;
				INFOPLIST_KEY_UISupportedInterfaceOrientations_iPad = "UIInterfaceOrientationPortrait UIInterfaceOrientationPortraitUpsideDown UIInterfaceOrientationLandscapeLeft UIInterfaceOrientationLandscapeRight";
				INFOPLIST_KEY_UISupportedInterfaceOrientations_iPhone = "UIInterfaceOrientationPortrait UIInterfaceOrientationLandscapeLeft UIInterfaceOrientationLandscapeRight";
				IPHONEOS_DEPLOYMENT_TARGET = 15.6;
				LD_RUNPATH_SEARCH_PATHS = (
					"$(inherited)",
					"@executable_path/Frameworks",
				);
				MARKETING_VERSION = 1.0;
				PRODUCT_BUNDLE_IDENTIFIER = com.macrolens.MacroLens;
				PRODUCT_NAME = "$(TARGET_NAME)";
				STRING_CATALOG_GENERATE_SYMBOLS = YES;
				SWIFT_APPROACHABLE_CONCURRENCY = YES;
				SWIFT_DEFAULT_ACTOR_ISOLATION = "";
				SWIFT_EMIT_LOC_STRINGS = YES;
				SWIFT_UPCOMING_FEATURE_MEMBER_IMPORT_VISIBILITY = YES;
				SWIFT_VERSION = 5.0;
				TARGETED_DEVICE_FAMILY = "1,2";
			};
			name = Debug;
		};
		17B9444F2E9F5B3E0067A319 /* Release */ = {
			isa = XCBuildConfiguration;
			buildSettings = {
				ASSETCATALOG_COMPILER_APPICON_NAME = AppIcon;
				ASSETCATALOG_COMPILER_GLOBAL_ACCENT_COLOR_NAME = AccentColor;
				ASSETCATALOG_COMPILER_INCLUDE_ALL_APPICON_ASSETS = YES;
				CODE_SIGN_ENTITLEMENTS = MacroLens/MacroLens.entitlements;
				CODE_SIGN_STYLE = Automatic;
				CURRENT_PROJECT_VERSION = 1;
				DEVELOPMENT_TEAM = 27K3TKMZV5;
				ENABLE_PREVIEWS = YES;
				GENERATE_INFOPLIST_FILE = NO;
				INFOPLIST_FILE = MacroLens/Info.plist;
				INFOPLIST_KEY_CFBundleDisplayName = MacroLens;
				INFOPLIST_KEY_LSApplicationCategoryType = "public.app-category.healthcare-fitness";
				INFOPLIST_KEY_NSCameraUsageDescription = "MacroLens needs camera access to scan and identify food for nutrition tracking.\n";
				INFOPLIST_KEY_NSHealthShareUsageDescription = "MacroLens reads your activity data to provide personalized calorie recommendations.";
				INFOPLIST_KEY_NSHealthUpdateUsageDescription = "MacroLens saves nutrition data to Apple Health.";
				INFOPLIST_KEY_NSPhotoLibraryUsageDescription = "MacroLens needs camera access to scan and identify food for nutrition tracking.\n";
				INFOPLIST_KEY_UIApplicationSceneManifest_Generation = YES;
				INFOPLIST_KEY_UIApplicationSupportsIndirectInputEvents = YES;
				INFOPLIST_KEY_UILaunchScreen_Generation = YES;
				INFOPLIST_KEY_UISupportedInterfaceOrientations_iPad = "UIInterfaceOrientationPortrait UIInterfaceOrientationPortraitUpsideDown UIInterfaceOrientationLandscapeLeft UIInterfaceOrientationLandscapeRight";
				INFOPLIST_KEY_UISupportedInterfaceOrientations_iPhone = "UIInterfaceOrientationPortrait UIInterfaceOrientationLandscapeLeft UIInterfaceOrientationLandscapeRight";
				IPHONEOS_DEPLOYMENT_TARGET = 15.6;
				LD_RUNPATH_SEARCH_PATHS = (
					"$(inherited)",
					"@executable_path/Frameworks",
				);
				MARKETING_VERSION = 1.0;
				PRODUCT_BUNDLE_IDENTIFIER = com.macrolens.MacroLens;
				PRODUCT_NAME = "$(TARGET_NAME)";
				STRING_CATALOG_GENERATE_SYMBOLS = YES;
				SWIFT_APPROACHABLE_CONCURRENCY = YES;
				SWIFT_DEFAULT_ACTOR_ISOLATION = "";
				SWIFT_EMIT_LOC_STRINGS = YES;
				SWIFT_UPCOMING_FEATURE_MEMBER_IMPORT_VISIBILITY = YES;
				SWIFT_VERSION = 5.0;
				TARGETED_DEVICE_FAMILY = "1,2";
			};
			name = Release;
		};
		17B944512E9F5B3E0067A319 /* Debug */ = {
			isa = XCBuildConfiguration;
			buildSettings = {
				CODE_SIGN_STYLE = Automatic;
				CURRENT_PROJECT_VERSION = 1;
				DEVELOPMENT_TEAM = 27K3TKMZV5;
				GENERATE_INFOPLIST_FILE = YES;
				IPHONEOS_DEPLOYMENT_TARGET = 26.0;
				MARKETING_VERSION = 1.0;
				PRODUCT_BUNDLE_IDENTIFIER = com.MacroLensTests;
				PRODUCT_NAME = "$(TARGET_NAME)";
				STRING_CATALOG_GENERATE_SYMBOLS = NO;
				SWIFT_APPROACHABLE_CONCURRENCY = YES;
				SWIFT_EMIT_LOC_STRINGS = NO;
				SWIFT_UPCOMING_FEATURE_MEMBER_IMPORT_VISIBILITY = YES;
				SWIFT_VERSION = 5.0;
				TARGETED_DEVICE_FAMILY = "1,2";
				TEST_HOST = "$(BUILT_PRODUCTS_DIR)/MacroLens.app/$(BUNDLE_EXECUTABLE_FOLDER_PATH)/MacroLens";
			};
			name = Debug;
		};
		17B944522E9F5B3E0067A319 /* Release */ = {
			isa = XCBuildConfiguration;
			buildSettings = {
				CODE_SIGN_STYLE = Automatic;
				CURRENT_PROJECT_VERSION = 1;
				DEVELOPMENT_TEAM = 27K3TKMZV5;
				GENERATE_INFOPLIST_FILE = YES;
				IPHONEOS_DEPLOYMENT_TARGET = 26.0;
				MARKETING_VERSION = 1.0;
				PRODUCT_BUNDLE_IDENTIFIER = com.MacroLensTests;
				PRODUCT_NAME = "$(TARGET_NAME)";
				STRING_CATALOG_GENERATE_SYMBOLS = NO;
				SWIFT_APPROACHABLE_CONCURRENCY = YES;
				SWIFT_EMIT_LOC_STRINGS = NO;
				SWIFT_UPCOMING_FEATURE_MEMBER_IMPORT_VISIBILITY = YES;
				SWIFT_VERSION = 5.0;
				TARGETED_DEVICE_FAMILY = "1,2";
				TEST_HOST = "$(BUILT_PRODUCTS_DIR)/MacroLens.app/$(BUNDLE_EXECUTABLE_FOLDER_PATH)/MacroLens";
			};
			name = Release;
		};
		17B944542E9F5B3E0067A319 /* Debug */ = {
			isa = XCBuildConfiguration;
			buildSettings = {
				CODE_SIGN_STYLE = Automatic;
				CURRENT_PROJECT_VERSION = 1;
				DEVELOPMENT_TEAM = 27K3TKMZV5;
				GENERATE_INFOPLIST_FILE = YES;
				MARKETING_VERSION = 1.0;
				PRODUCT_BUNDLE_IDENTIFIER = com.MacroLensUITests;
				PRODUCT_NAME = "$(TARGET_NAME)";
				STRING_CATALOG_GENERATE_SYMBOLS = NO;
				SWIFT_APPROACHABLE_CONCURRENCY = YES;
				SWIFT_EMIT_LOC_STRINGS = NO;
				SWIFT_UPCOMING_FEATURE_MEMBER_IMPORT_VISIBILITY = YES;
				SWIFT_VERSION = 5.0;
				TARGETED_DEVICE_FAMILY = "1,2";
				TEST_TARGET_NAME = MacroLens;
			};
			name = Debug;
		};
		17B944552E9F5B3E0067A319 /* Release */ = {
			isa = XCBuildConfiguration;
			buildSettings = {
				CODE_SIGN_STYLE = Automatic;
				CURRENT_PROJECT_VERSION = 1;
				DEVELOPMENT_TEAM = 27K3TKMZV5;
				GENERATE_INFOPLIST_FILE = YES;
				MARKETING_VERSION = 1.0;
				PRODUCT_BUNDLE_IDENTIFIER = com.MacroLensUITests;
				PRODUCT_NAME = "$(TARGET_NAME)";
				STRING_CATALOG_GENERATE_SYMBOLS = NO;
				SWIFT_APPROACHABLE_CONCURRENCY = YES;
				SWIFT_EMIT_LOC_STRINGS = NO;
				SWIFT_UPCOMING_FEATURE_MEMBER_IMPORT_VISIBILITY = YES;
				SWIFT_VERSION = 5.0;
				TARGETED_DEVICE_FAMILY = "1,2";
				TEST_TARGET_NAME = MacroLens;
			};
			name = Release;
		};
/* End XCBuildConfiguration section */

/* Begin XCConfigurationList section */
		17B944222E9F5B3B0067A319 /* Build configuration list for PBXProject "MacroLens" */ = {
			isa = XCConfigurationList;
			buildConfigurations = (
				17B9444B2E9F5B3E0067A319 /* Debug */,
				17B9444C2E9F5B3E0067A319 /* Release */,
			);
			defaultConfigurationIsVisible = 0;
			defaultConfigurationName = Release;
		};
		17B9444D2E9F5B3E0067A319 /* Build configuration list for PBXNativeTarget "MacroLens" */ = {
			isa = XCConfigurationList;
			buildConfigurations = (
				17B9444E2E9F5B3E0067A319 /* Debug */,
				17B9444F2E9F5B3E0067A319 /* Release */,
			);
			defaultConfigurationIsVisible = 0;
			defaultConfigurationName = Release;
		};
		17B944502E9F5B3E0067A319 /* Build configuration list for PBXNativeTarget "MacroLensTests" */ = {
			isa = XCConfigurationList;
			buildConfigurations = (
				17B944512E9F5B3E0067A319 /* Debug */,
				17B944522E9F5B3E0067A319 /* Release */,
			);
			defaultConfigurationIsVisible = 0;
			defaultConfigurationName = Release;
		};
		17B944532E9F5B3E0067A319 /* Build configuration list for PBXNativeTarget "MacroLensUITests" */ = {
			isa = XCConfigurationList;
			buildConfigurations = (
				17B944542E9F5B3E0067A319 /* Debug */,
				17B944552E9F5B3E0067A319 /* Release */,
			);
			defaultConfigurationIsVisible = 0;
			defaultConfigurationName = Release;
		};
/* End XCConfigurationList section */

/* Begin XCRemoteSwiftPackageReference section */
		17EBF5462EA26A5500A65832 /* XCRemoteSwiftPackageReference "Alamofire" */ = {
			isa = XCRemoteSwiftPackageReference;
			repositoryURL = "https://github.com/Alamofire/Alamofire.git";
			requirement = {
				kind = upToNextMajorVersion;
				minimumVersion = 5.10.2;
			};
		};
		17EBF54C2EA26A8500A65832 /* XCRemoteSwiftPackageReference "KeychainAccess" */ = {
			isa = XCRemoteSwiftPackageReference;
			repositoryURL = "https://github.com/kishikawakatsumi/KeychainAccess.git";
			requirement = {
				branch = master;
				kind = branch;
			};
		};
		17EBF54F2EA26BC000A65832 /* XCRemoteSwiftPackageReference "SDWebImageSwiftUI" */ = {
			isa = XCRemoteSwiftPackageReference;
			repositoryURL = "https://github.com/SDWebImage/SDWebImageSwiftUI.git";
			requirement = {
				kind = upToNextMajorVersion;
				minimumVersion = 3.1.3;
			};
		};
		17FDA1862EA3B04600F07062 /* XCRemoteSwiftPackageReference "lottie-ios" */ = {
			isa = XCRemoteSwiftPackageReference;
			repositoryURL = "https://github.com/airbnb/lottie-ios";
			requirement = {
				kind = upToNextMajorVersion;
				minimumVersion = 4.5.2;
			};
		};
/* End XCRemoteSwiftPackageReference section */

/* Begin XCSwiftPackageProductDependency section */
		17EBF54D2EA26A8E00A65832 /* KeychainAccess */ = {
			isa = XCSwiftPackageProductDependency;
			package = 17EBF54C2EA26A8500A65832 /* XCRemoteSwiftPackageReference "KeychainAccess" */;
			productName = KeychainAccess;
		};
		17EBF5502EA26BCE00A65832 /* SDWebImageSwiftUI */ = {
			isa = XCSwiftPackageProductDependency;
			package = 17EBF54F2EA26BC000A65832 /* XCRemoteSwiftPackageReference "SDWebImageSwiftUI" */;
			productName = SDWebImageSwiftUI;
		};
		17FDA0BA2EA2733900F07062 /* Alamofire */ = {
			isa = XCSwiftPackageProductDependency;
			package = 17EBF5462EA26A5500A65832 /* XCRemoteSwiftPackageReference "Alamofire" */;
			productName = Alamofire;
		};
		17FDA0BF2EA273C100F07062 /* Alamofire */ = {
			isa = XCSwiftPackageProductDependency;
			package = 17EBF5462EA26A5500A65832 /* XCRemoteSwiftPackageReference "Alamofire" */;
			productName = Alamofire;
		};
		17FDA0C12EA273C100F07062 /* AlamofireDynamic */ = {
			isa = XCSwiftPackageProductDependency;
			package = 17EBF5462EA26A5500A65832 /* XCRemoteSwiftPackageReference "Alamofire" */;
			productName = AlamofireDynamic;
		};
		17FDA0C42EA273C100F07062 /* KeychainAccess */ = {
			isa = XCSwiftPackageProductDependency;
			package = 17EBF54C2EA26A8500A65832 /* XCRemoteSwiftPackageReference "KeychainAccess" */;
			productName = KeychainAccess;
		};
		17FDA0C62EA273C100F07062 /* SDWebImageSwiftUI */ = {
			isa = XCSwiftPackageProductDependency;
			package = 17EBF54F2EA26BC000A65832 /* XCRemoteSwiftPackageReference "SDWebImageSwiftUI" */;
			productName = SDWebImageSwiftUI;
		};
		17FDA0C92EA273CA00F07062 /* Alamofire */ = {
			isa = XCSwiftPackageProductDependency;
			package = 17EBF5462EA26A5500A65832 /* XCRemoteSwiftPackageReference "Alamofire" */;
			productName = Alamofire;
		};
		17FDA0CB2EA273CA00F07062 /* AlamofireDynamic */ = {
			isa = XCSwiftPackageProductDependency;
			package = 17EBF5462EA26A5500A65832 /* XCRemoteSwiftPackageReference "Alamofire" */;
			productName = AlamofireDynamic;
		};
		17FDA0CE2EA273CA00F07062 /* KeychainAccess */ = {
			isa = XCSwiftPackageProductDependency;
			package = 17EBF54C2EA26A8500A65832 /* XCRemoteSwiftPackageReference "KeychainAccess" */;
			productName = KeychainAccess;
		};
		17FDA0D02EA273CA00F07062 /* SDWebImageSwiftUI */ = {
			isa = XCSwiftPackageProductDependency;
			package = 17EBF54F2EA26BC000A65832 /* XCRemoteSwiftPackageReference "SDWebImageSwiftUI" */;
			productName = SDWebImageSwiftUI;
		};
		17FDA1872EA3B06E00F07062 /* Lottie */ = {
			isa = XCSwiftPackageProductDependency;
			package = 17FDA1862EA3B04600F07062 /* XCRemoteSwiftPackageReference "lottie-ios" */;
			productName = Lottie;
		};
/* End XCSwiftPackageProductDependency section */
	};
	rootObject = 17B9441F2E9F5B3B0067A319 /* Project object */;
}
